// !$*UTF8*$!
{
	archiveVersion = 1;
	classes = {
	};
	objectVersion = 55;
	objects = {

/* Begin PBXBuildFile section */
		0470C01B28AC727600E48B7F /* BoardTableViewCell.swift in Sources */ = {isa = PBXBuildFile; fileRef = 0470C01928AC727600E48B7F /* BoardTableViewCell.swift */; };
		0470C01C28AC727600E48B7F /* BoardTableViewCell.xib in Resources */ = {isa = PBXBuildFile; fileRef = 0470C01A28AC727600E48B7F /* BoardTableViewCell.xib */; };
		04F169E528A4E7940092A6E6 /* AppDelegate.swift in Sources */ = {isa = PBXBuildFile; fileRef = 04F169E428A4E7940092A6E6 /* AppDelegate.swift */; };
		04F169E728A4E7940092A6E6 /* SceneDelegate.swift in Sources */ = {isa = PBXBuildFile; fileRef = 04F169E628A4E7940092A6E6 /* SceneDelegate.swift */; };
		04F169E928A4E7940092A6E6 /* ViewController.swift in Sources */ = {isa = PBXBuildFile; fileRef = 04F169E828A4E7940092A6E6 /* ViewController.swift */; };
		04F169EC28A4E7940092A6E6 /* Main.storyboard in Resources */ = {isa = PBXBuildFile; fileRef = 04F169EA28A4E7940092A6E6 /* Main.storyboard */; };
		04F169EE28A4E7980092A6E6 /* Assets.xcassets in Resources */ = {isa = PBXBuildFile; fileRef = 04F169ED28A4E7980092A6E6 /* Assets.xcassets */; };
		04F169F128A4E7980092A6E6 /* LaunchScreen.storyboard in Resources */ = {isa = PBXBuildFile; fileRef = 04F169EF28A4E7980092A6E6 /* LaunchScreen.storyboard */; };
		A2598AF028A8AC59009545E7 /* BoardController.swift in Sources */ = {isa = PBXBuildFile; fileRef = A2598AEF28A8AC59009545E7 /* BoardController.swift */; };
		A2598AF328A94714009545E7 /* VC1Controller.swift in Sources */ = {isa = PBXBuildFile; fileRef = A2598AF228A94714009545E7 /* VC1Controller.swift */; };
		A2598AF528A94720009545E7 /* VC2Controller.swift in Sources */ = {isa = PBXBuildFile; fileRef = A2598AF428A94720009545E7 /* VC2Controller.swift */; };
		A2598AF728A94727009545E7 /* VC3Controller.swift in Sources */ = {isa = PBXBuildFile; fileRef = A2598AF628A94727009545E7 /* VC3Controller.swift */; };
		A2598AF928AA810C009545E7 /* CustomTabBarController.swift in Sources */ = {isa = PBXBuildFile; fileRef = A2598AF828AA810C009545E7 /* CustomTabBarController.swift */; };
		A2F058CE28A543D000CAB8F2 /* Helper.swift in Sources */ = {isa = PBXBuildFile; fileRef = A2F058CD28A543D000CAB8F2 /* Helper.swift */; };
		AC6B439884925A0845FAB773 /* Pods_TeamFreshProject.framework in Frameworks */ = {isa = PBXBuildFile; fileRef = 55FE137F43E7BAECA394BB95 /* Pods_TeamFreshProject.framework */; };
/* End PBXBuildFile section */

/* Begin PBXFileReference section */
		0470C01928AC727600E48B7F /* BoardTableViewCell.swift */ = {isa = PBXFileReference; lastKnownFileType = sourcecode.swift; path = BoardTableViewCell.swift; sourceTree = "<group>"; };
		0470C01A28AC727600E48B7F /* BoardTableViewCell.xib */ = {isa = PBXFileReference; lastKnownFileType = file.xib; path = BoardTableViewCell.xib; sourceTree = "<group>"; };
		04F169E128A4E7940092A6E6 /* TeamFreshProject.app */ = {isa = PBXFileReference; explicitFileType = wrapper.application; includeInIndex = 0; path = TeamFreshProject.app; sourceTree = BUILT_PRODUCTS_DIR; };
		04F169E428A4E7940092A6E6 /* AppDelegate.swift */ = {isa = PBXFileReference; lastKnownFileType = sourcecode.swift; path = AppDelegate.swift; sourceTree = "<group>"; };
		04F169E628A4E7940092A6E6 /* SceneDelegate.swift */ = {isa = PBXFileReference; lastKnownFileType = sourcecode.swift; path = SceneDelegate.swift; sourceTree = "<group>"; };
		04F169E828A4E7940092A6E6 /* ViewController.swift */ = {isa = PBXFileReference; lastKnownFileType = sourcecode.swift; path = ViewController.swift; sourceTree = "<group>"; };
		04F169EB28A4E7940092A6E6 /* Base */ = {isa = PBXFileReference; lastKnownFileType = file.storyboard; name = Base; path = Base.lproj/Main.storyboard; sourceTree = "<group>"; };
		04F169ED28A4E7980092A6E6 /* Assets.xcassets */ = {isa = PBXFileReference; lastKnownFileType = folder.assetcatalog; path = Assets.xcassets; sourceTree = "<group>"; };
		04F169F028A4E7980092A6E6 /* Base */ = {isa = PBXFileReference; lastKnownFileType = file.storyboard; name = Base; path = Base.lproj/LaunchScreen.storyboard; sourceTree = "<group>"; };
		04F169F228A4E7980092A6E6 /* Info.plist */ = {isa = PBXFileReference; lastKnownFileType = text.plist.xml; path = Info.plist; sourceTree = "<group>"; };
		41D48E28DC332D4D6134F9B0 /* Pods-TeamFreshProject.release.xcconfig */ = {isa = PBXFileReference; includeInIndex = 1; lastKnownFileType = text.xcconfig; name = "Pods-TeamFreshProject.release.xcconfig"; path = "Target Support Files/Pods-TeamFreshProject/Pods-TeamFreshProject.release.xcconfig"; sourceTree = "<group>"; };
		55FE137F43E7BAECA394BB95 /* Pods_TeamFreshProject.framework */ = {isa = PBXFileReference; explicitFileType = wrapper.framework; includeInIndex = 0; path = Pods_TeamFreshProject.framework; sourceTree = BUILT_PRODUCTS_DIR; };
		A2598AEF28A8AC59009545E7 /* BoardController.swift */ = {isa = PBXFileReference; lastKnownFileType = sourcecode.swift; path = BoardController.swift; sourceTree = "<group>"; };
		A2598AF228A94714009545E7 /* VC1Controller.swift */ = {isa = PBXFileReference; lastKnownFileType = sourcecode.swift; path = VC1Controller.swift; sourceTree = "<group>"; };
		A2598AF428A94720009545E7 /* VC2Controller.swift */ = {isa = PBXFileReference; lastKnownFileType = sourcecode.swift; path = VC2Controller.swift; sourceTree = "<group>"; };
		A2598AF628A94727009545E7 /* VC3Controller.swift */ = {isa = PBXFileReference; lastKnownFileType = sourcecode.swift; path = VC3Controller.swift; sourceTree = "<group>"; };
		A2598AF828AA810C009545E7 /* CustomTabBarController.swift */ = {isa = PBXFileReference; lastKnownFileType = sourcecode.swift; path = CustomTabBarController.swift; sourceTree = "<group>"; };
		A2F058CD28A543D000CAB8F2 /* Helper.swift */ = {isa = PBXFileReference; lastKnownFileType = sourcecode.swift; path = Helper.swift; sourceTree = "<group>"; };
		E2E42F82718E09DC79007B15 /* Pods-TeamFreshProject.debug.xcconfig */ = {isa = PBXFileReference; includeInIndex = 1; lastKnownFileType = text.xcconfig; name = "Pods-TeamFreshProject.debug.xcconfig"; path = "Target Support Files/Pods-TeamFreshProject/Pods-TeamFreshProject.debug.xcconfig"; sourceTree = "<group>"; };
/* End PBXFileReference section */

/* Begin PBXFrameworksBuildPhase section */
		04F169DE28A4E7940092A6E6 /* Frameworks */ = {
			isa = PBXFrameworksBuildPhase;
			buildActionMask = 2147483647;
			files = (
				AC6B439884925A0845FAB773 /* Pods_TeamFreshProject.framework in Frameworks */,
			);
			runOnlyForDeploymentPostprocessing = 0;
		};
/* End PBXFrameworksBuildPhase section */

/* Begin PBXGroup section */
		0470C01828AC725E00E48B7F /* Board */ = {
			isa = PBXGroup;
			children = (
				A2598AEF28A8AC59009545E7 /* BoardController.swift */,
				0470C01928AC727600E48B7F /* BoardTableViewCell.swift */,
				0470C01A28AC727600E48B7F /* BoardTableViewCell.xib */,
			);
			path = Board;
			sourceTree = "<group>";
		};
		04F169D828A4E7940092A6E6 = {
			isa = PBXGroup;
			children = (
				04F169E328A4E7940092A6E6 /* TeamFreshProject */,
				04F169E228A4E7940092A6E6 /* Products */,
				C92BB002F35D67FA1BDC66E7 /* Pods */,
				59725B625A8D9A87DA7427C3 /* Frameworks */,
			);
			sourceTree = "<group>";
		};
		04F169E228A4E7940092A6E6 /* Products */ = {
			isa = PBXGroup;
			children = (
				04F169E128A4E7940092A6E6 /* TeamFreshProject.app */,
			);
			name = Products;
			sourceTree = "<group>";
		};
		04F169E328A4E7940092A6E6 /* TeamFreshProject */ = {
			isa = PBXGroup;
			children = (
				0470C01828AC725E00E48B7F /* Board */,
				A2598AF128A94703009545E7 /* Tab */,
				A2F058CC28A543C500CAB8F2 /* Helper */,
				04F169E428A4E7940092A6E6 /* AppDelegate.swift */,
				04F169E628A4E7940092A6E6 /* SceneDelegate.swift */,
				04F169E828A4E7940092A6E6 /* ViewController.swift */,
				04F169EA28A4E7940092A6E6 /* Main.storyboard */,
				04F169ED28A4E7980092A6E6 /* Assets.xcassets */,
				04F169EF28A4E7980092A6E6 /* LaunchScreen.storyboard */,
				04F169F228A4E7980092A6E6 /* Info.plist */,
				A2598AF828AA810C009545E7 /* CustomTabBarController.swift */,
			);
			path = TeamFreshProject;
			sourceTree = "<group>";
		};
		59725B625A8D9A87DA7427C3 /* Frameworks */ = {
			isa = PBXGroup;
			children = (
				55FE137F43E7BAECA394BB95 /* Pods_TeamFreshProject.framework */,
			);
			name = Frameworks;
			sourceTree = "<group>";
		};
		A2598AF128A94703009545E7 /* Tab */ = {
			isa = PBXGroup;
			children = (
				A2598AF228A94714009545E7 /* VC1Controller.swift */,
				A2598AF428A94720009545E7 /* VC2Controller.swift */,
				A2598AF628A94727009545E7 /* VC3Controller.swift */,
			);
			path = Tab;
			sourceTree = "<group>";
		};
		A2F058CC28A543C500CAB8F2 /* Helper */ = {
			isa = PBXGroup;
			children = (
				A2F058CD28A543D000CAB8F2 /* Helper.swift */,
			);
			path = Helper;
			sourceTree = "<group>";
		};
		C92BB002F35D67FA1BDC66E7 /* Pods */ = {
			isa = PBXGroup;
			children = (
				E2E42F82718E09DC79007B15 /* Pods-TeamFreshProject.debug.xcconfig */,
				41D48E28DC332D4D6134F9B0 /* Pods-TeamFreshProject.release.xcconfig */,
			);
			path = Pods;
			sourceTree = "<group>";
		};
/* End PBXGroup section */

/* Begin PBXNativeTarget section */
		04F169E028A4E7940092A6E6 /* TeamFreshProject */ = {
			isa = PBXNativeTarget;
			buildConfigurationList = 04F169F528A4E7980092A6E6 /* Build configuration list for PBXNativeTarget "TeamFreshProject" */;
			buildPhases = (
				819D572F2607D347F07F4CFE /* [CP] Check Pods Manifest.lock */,
				04F169DD28A4E7940092A6E6 /* Sources */,
				04F169DE28A4E7940092A6E6 /* Frameworks */,
				04F169DF28A4E7940092A6E6 /* Resources */,
				17941900887BECA393932906 /* [CP] Embed Pods Frameworks */,
			);
			buildRules = (
			);
			dependencies = (
			);
			name = TeamFreshProject;
			productName = TeamFreshProject;
			productReference = 04F169E128A4E7940092A6E6 /* TeamFreshProject.app */;
			productType = "com.apple.product-type.application";
		};
/* End PBXNativeTarget section */

/* Begin PBXProject section */
		04F169D928A4E7940092A6E6 /* Project object */ = {
			isa = PBXProject;
			attributes = {
				BuildIndependentTargetsInParallel = 1;
				LastSwiftUpdateCheck = 1320;
				LastUpgradeCheck = 1320;
				TargetAttributes = {
					04F169E028A4E7940092A6E6 = {
						CreatedOnToolsVersion = 13.2.1;
					};
				};
			};
			buildConfigurationList = 04F169DC28A4E7940092A6E6 /* Build configuration list for PBXProject "TeamFreshProject" */;
			compatibilityVersion = "Xcode 13.0";
			developmentRegion = en;
			hasScannedForEncodings = 0;
			knownRegions = (
				en,
				Base,
			);
			mainGroup = 04F169D828A4E7940092A6E6;
			productRefGroup = 04F169E228A4E7940092A6E6 /* Products */;
			projectDirPath = "";
			projectRoot = "";
			targets = (
				04F169E028A4E7940092A6E6 /* TeamFreshProject */,
			);
		};
/* End PBXProject section */

/* Begin PBXResourcesBuildPhase section */
		04F169DF28A4E7940092A6E6 /* Resources */ = {
			isa = PBXResourcesBuildPhase;
			buildActionMask = 2147483647;
			files = (
				04F169F128A4E7980092A6E6 /* LaunchScreen.storyboard in Resources */,
				04F169EE28A4E7980092A6E6 /* Assets.xcassets in Resources */,
				0470C01C28AC727600E48B7F /* BoardTableViewCell.xib in Resources */,
				04F169EC28A4E7940092A6E6 /* Main.storyboard in Resources */,
			);
			runOnlyForDeploymentPostprocessing = 0;
		};
/* End PBXResourcesBuildPhase section */

/* Begin PBXShellScriptBuildPhase section */
		17941900887BECA393932906 /* [CP] Embed Pods Frameworks */ = {
			isa = PBXShellScriptBuildPhase;
			buildActionMask = 2147483647;
			files = (
			);
			inputFileListPaths = (
				"${PODS_ROOT}/Target Support Files/Pods-TeamFreshProject/Pods-TeamFreshProject-frameworks-${CONFIGURATION}-input-files.xcfilelist",
			);
			name = "[CP] Embed Pods Frameworks";
			outputFileListPaths = (
				"${PODS_ROOT}/Target Support Files/Pods-TeamFreshProject/Pods-TeamFreshProject-frameworks-${CONFIGURATION}-output-files.xcfilelist",
			);
			runOnlyForDeploymentPostprocessing = 0;
			shellPath = /bin/sh;
			shellScript = "\"${PODS_ROOT}/Target Support Files/Pods-TeamFreshProject/Pods-TeamFreshProject-frameworks.sh\"\n";
			showEnvVarsInLog = 0;
		};
		819D572F2607D347F07F4CFE /* [CP] Check Pods Manifest.lock */ = {
			isa = PBXShellScriptBuildPhase;
			buildActionMask = 2147483647;
			files = (
			);
			inputFileListPaths = (
			);
			inputPaths = (
				"${PODS_PODFILE_DIR_PATH}/Podfile.lock",
				"${PODS_ROOT}/Manifest.lock",
			);
			name = "[CP] Check Pods Manifest.lock";
			outputFileListPaths = (
			);
			outputPaths = (
				"$(DERIVED_FILE_DIR)/Pods-TeamFreshProject-checkManifestLockResult.txt",
			);
			runOnlyForDeploymentPostprocessing = 0;
			shellPath = /bin/sh;
			shellScript = "diff \"${PODS_PODFILE_DIR_PATH}/Podfile.lock\" \"${PODS_ROOT}/Manifest.lock\" > /dev/null\nif [ $? != 0 ] ; then\n    # print error to STDERR\n    echo \"error: The sandbox is not in sync with the Podfile.lock. Run 'pod install' or update your CocoaPods installation.\" >&2\n    exit 1\nfi\n# This output is used by Xcode 'outputs' to avoid re-running this script phase.\necho \"SUCCESS\" > \"${SCRIPT_OUTPUT_FILE_0}\"\n";
			showEnvVarsInLog = 0;
		};
/* End PBXShellScriptBuildPhase section */

/* Begin PBXSourcesBuildPhase section */
		04F169DD28A4E7940092A6E6 /* Sources */ = {
			isa = PBXSourcesBuildPhase;
			buildActionMask = 2147483647;
			files = (
				0470C01B28AC727600E48B7F /* BoardTableViewCell.swift in Sources */,
				04F169E928A4E7940092A6E6 /* ViewController.swift in Sources */,
				A2598AF028A8AC59009545E7 /* BoardController.swift in Sources */,
				A2598AF328A94714009545E7 /* VC1Controller.swift in Sources */,
				A2598AF528A94720009545E7 /* VC2Controller.swift in Sources */,
				04F169E528A4E7940092A6E6 /* AppDelegate.swift in Sources */,
				04F169E728A4E7940092A6E6 /* SceneDelegate.swift in Sources */,
				A2598AF728A94727009545E7 /* VC3Controller.swift in Sources */,
				A2F058CE28A543D000CAB8F2 /* Helper.swift in Sources */,
				A2598AF928AA810C009545E7 /* CustomTabBarController.swift in Sources */,
			);
			runOnlyForDeploymentPostprocessing = 0;
		};
/* End PBXSourcesBuildPhase section */

/* Begin PBXVariantGroup section */
		04F169EA28A4E7940092A6E6 /* Main.storyboard */ = {
			isa = PBXVariantGroup;
			children = (
				04F169EB28A4E7940092A6E6 /* Base */,
			);
			name = Main.storyboard;
			sourceTree = "<group>";
		};
		04F169EF28A4E7980092A6E6 /* LaunchScreen.storyboard */ = {
			isa = PBXVariantGroup;
			children = (
				04F169F028A4E7980092A6E6 /* Base */,
			);
			name = LaunchScreen.storyboard;
			sourceTree = "<group>";
		};
/* End PBXVariantGroup section */

/* Begin XCBuildConfiguration section */
		04F169F328A4E7980092A6E6 /* Debug */ = {
			isa = XCBuildConfiguration;
			buildSettings = {
				ALWAYS_SEARCH_USER_PATHS = NO;
				CLANG_ANALYZER_NONNULL = YES;
				CLANG_ANALYZER_NUMBER_OBJECT_CONVERSION = YES_AGGRESSIVE;
				CLANG_CXX_LANGUAGE_STANDARD = "gnu++17";
				CLANG_CXX_LIBRARY = "libc++";
				CLANG_ENABLE_MODULES = YES;
				CLANG_ENABLE_OBJC_ARC = YES;
				CLANG_ENABLE_OBJC_WEAK = YES;
				CLANG_WARN_BLOCK_CAPTURE_AUTORELEASING = YES;
				CLANG_WARN_BOOL_CONVERSION = YES;
				CLANG_WARN_COMMA = YES;
				CLANG_WARN_CONSTANT_CONVERSION = YES;
				CLANG_WARN_DEPRECATED_OBJC_IMPLEMENTATIONS = YES;
				CLANG_WARN_DIRECT_OBJC_ISA_USAGE = YES_ERROR;
				CLANG_WARN_DOCUMENTATION_COMMENTS = YES;
				CLANG_WARN_EMPTY_BODY = YES;
				CLANG_WARN_ENUM_CONVERSION = YES;
				CLANG_WARN_INFINITE_RECURSION = YES;
				CLANG_WARN_INT_CONVERSION = YES;
				CLANG_WARN_NON_LITERAL_NULL_CONVERSION = YES;
				CLANG_WARN_OBJC_IMPLICIT_RETAIN_SELF = YES;
				CLANG_WARN_OBJC_LITERAL_CONVERSION = YES;
				CLANG_WARN_OBJC_ROOT_CLASS = YES_ERROR;
				CLANG_WARN_QUOTED_INCLUDE_IN_FRAMEWORK_HEADER = YES;
				CLANG_WARN_RANGE_LOOP_ANALYSIS = YES;
				CLANG_WARN_STRICT_PROTOTYPES = YES;
				CLANG_WARN_SUSPICIOUS_MOVE = YES;
				CLANG_WARN_UNGUARDED_AVAILABILITY = YES_AGGRESSIVE;
				CLANG_WARN_UNREACHABLE_CODE = YES;
				CLANG_WARN__DUPLICATE_METHOD_MATCH = YES;
				COPY_PHASE_STRIP = NO;
				DEBUG_INFORMATION_FORMAT = dwarf;
				ENABLE_STRICT_OBJC_MSGSEND = YES;
				ENABLE_TESTABILITY = YES;
				GCC_C_LANGUAGE_STANDARD = gnu11;
				GCC_DYNAMIC_NO_PIC = NO;
				GCC_NO_COMMON_BLOCKS = YES;
				GCC_OPTIMIZATION_LEVEL = 0;
				GCC_PREPROCESSOR_DEFINITIONS = (
					"DEBUG=1",
					"$(inherited)",
				);
				GCC_WARN_64_TO_32_BIT_CONVERSION = YES;
				GCC_WARN_ABOUT_RETURN_TYPE = YES_ERROR;
				GCC_WARN_UNDECLARED_SELECTOR = YES;
				GCC_WARN_UNINITIALIZED_AUTOS = YES_AGGRESSIVE;
				GCC_WARN_UNUSED_FUNCTION = YES;
				GCC_WARN_UNUSED_VARIABLE = YES;
				IPHONEOS_DEPLOYMENT_TARGET = 15.2;
				MTL_ENABLE_DEBUG_INFO = INCLUDE_SOURCE;
				MTL_FAST_MATH = YES;
				ONLY_ACTIVE_ARCH = YES;
				SDKROOT = iphoneos;
				SWIFT_ACTIVE_COMPILATION_CONDITIONS = DEBUG;
				SWIFT_OPTIMIZATION_LEVEL = "-Onone";
			};
			name = Debug;
		};
		04F169F428A4E7980092A6E6 /* Release */ = {
			isa = XCBuildConfiguration;
			buildSettings = {
				ALWAYS_SEARCH_USER_PATHS = NO;
				CLANG_ANALYZER_NONNULL = YES;
				CLANG_ANALYZER_NUMBER_OBJECT_CONVERSION = YES_AGGRESSIVE;
				CLANG_CXX_LANGUAGE_STANDARD = "gnu++17";
				CLANG_CXX_LIBRARY = "libc++";
				CLANG_ENABLE_MODULES = YES;
				CLANG_ENABLE_OBJC_ARC = YES;
				CLANG_ENABLE_OBJC_WEAK = YES;
				CLANG_WARN_BLOCK_CAPTURE_AUTORELEASING = YES;
				CLANG_WARN_BOOL_CONVERSION = YES;
				CLANG_WARN_COMMA = YES;
				CLANG_WARN_CONSTANT_CONVERSION = YES;
				CLANG_WARN_DEPRECATED_OBJC_IMPLEMENTATIONS = YES;
				CLANG_WARN_DIRECT_OBJC_ISA_USAGE = YES_ERROR;
				CLANG_WARN_DOCUMENTATION_COMMENTS = YES;
				CLANG_WARN_EMPTY_BODY = YES;
				CLANG_WARN_ENUM_CONVERSION = YES;
				CLANG_WARN_INFINITE_RECURSION = YES;
				CLANG_WARN_INT_CONVERSION = YES;
				CLANG_WARN_NON_LITERAL_NULL_CONVERSION = YES;
				CLANG_WARN_OBJC_IMPLICIT_RETAIN_SELF = YES;
				CLANG_WARN_OBJC_LITERAL_CONVERSION = YES;
				CLANG_WARN_OBJC_ROOT_CLASS = YES_ERROR;
				CLANG_WARN_QUOTED_INCLUDE_IN_FRAMEWORK_HEADER = YES;
				CLANG_WARN_RANGE_LOOP_ANALYSIS = YES;
				CLANG_WARN_STRICT_PROTOTYPES = YES;
				CLANG_WARN_SUSPICIOUS_MOVE = YES;
				CLANG_WARN_UNGUARDED_AVAILABILITY = YES_AGGRESSIVE;
				CLANG_WARN_UNREACHABLE_CODE = YES;
				CLANG_WARN__DUPLICATE_METHOD_MATCH = YES;
				COPY_PHASE_STRIP = NO;
				DEBUG_INFORMATION_FORMAT = "dwarf-with-dsym";
				ENABLE_NS_ASSERTIONS = NO;
				ENABLE_STRICT_OBJC_MSGSEND = YES;
				GCC_C_LANGUAGE_STANDARD = gnu11;
				GCC_NO_COMMON_BLOCKS = YES;
				GCC_WARN_64_TO_32_BIT_CONVERSION = YES;
				GCC_WARN_ABOUT_RETURN_TYPE = YES_ERROR;
				GCC_WARN_UNDECLARED_SELECTOR = YES;
				GCC_WARN_UNINITIALIZED_AUTOS = YES_AGGRESSIVE;
				GCC_WARN_UNUSED_FUNCTION = YES;
				GCC_WARN_UNUSED_VARIABLE = YES;
				IPHONEOS_DEPLOYMENT_TARGET = 15.2;
				MTL_ENABLE_DEBUG_INFO = NO;
				MTL_FAST_MATH = YES;
				SDKROOT = iphoneos;
				SWIFT_COMPILATION_MODE = wholemodule;
				SWIFT_OPTIMIZATION_LEVEL = "-O";
				VALIDATE_PRODUCT = YES;
			};
			name = Release;
		};
		04F169F628A4E7980092A6E6 /* Debug */ = {
			isa = XCBuildConfiguration;
			baseConfigurationReference = E2E42F82718E09DC79007B15 /* Pods-TeamFreshProject.debug.xcconfig */;
			buildSettings = {
				ASSETCATALOG_COMPILER_APPICON_NAME = AppIcon;
				ASSETCATALOG_COMPILER_GLOBAL_ACCENT_COLOR_NAME = AccentColor;
				CODE_SIGN_STYLE = Automatic;
				CURRENT_PROJECT_VERSION = 1;
				DEVELOPMENT_TEAM = 2D8WKJP7C4;
				GENERATE_INFOPLIST_FILE = YES;
				INFOPLIST_FILE = TeamFreshProject/Info.plist;
				INFOPLIST_KEY_UIApplicationSupportsIndirectInputEvents = YES;
				INFOPLIST_KEY_UILaunchStoryboardName = LaunchScreen;
				INFOPLIST_KEY_UIMainStoryboardFile = Main;
				INFOPLIST_KEY_UISupportedInterfaceOrientations_iPad = "UIInterfaceOrientationPortrait UIInterfaceOrientationPortraitUpsideDown UIInterfaceOrientationLandscapeLeft UIInterfaceOrientationLandscapeRight";
				INFOPLIST_KEY_UISupportedInterfaceOrientations_iPhone = "UIInterfaceOrientationPortrait UIInterfaceOrientationLandscapeLeft UIInterfaceOrientationLandscapeRight";
				LD_RUNPATH_SEARCH_PATHS = (
					"$(inherited)",
					"@executable_path/Frameworks",
				);
				MARKETING_VERSION = 1.0;
				PRODUCT_BUNDLE_IDENTIFIER = com.uk.TeamFreshProject;
				PRODUCT_NAME = "$(TARGET_NAME)";
				SWIFT_EMIT_LOC_STRINGS = YES;
				SWIFT_VERSION = 5.0;
				TARGETED_DEVICE_FAMILY = "1,2";
			};
			name = Debug;
		};
		04F169F728A4E7980092A6E6 /* Release */ = {
			isa = XCBuildConfiguration;
			baseConfigurationReference = 41D48E28DC332D4D6134F9B0 /* Pods-TeamFreshProject.release.xcconfig */;
			buildSettings = {
				ASSETCATALOG_COMPILER_APPICON_NAME = AppIcon;
				ASSETCATALOG_COMPILER_GLOBAL_ACCENT_COLOR_NAME = AccentColor;
				CODE_SIGN_STYLE = Automatic;
				CURRENT_PROJECT_VERSION = 1;
				DEVELOPMENT_TEAM = 2D8WKJP7C4;
				GENERATE_INFOPLIST_FILE = YES;
				INFOPLIST_FILE = TeamFreshProject/Info.plist;
				INFOPLIST_KEY_UIApplicationSupportsIndirectInputEvents = YES;
				INFOPLIST_KEY_UILaunchStoryboardName = LaunchScreen;
				INFOPLIST_KEY_UIMainStoryboardFile = Main;
				INFOPLIST_KEY_UISupportedInterfaceOrientations_iPad = "UIInterfaceOrientationPortrait UIInterfaceOrientationPortraitUpsideDown UIInterfaceOrientationLandscapeLeft UIInterfaceOrientationLandscapeRight";
				INFOPLIST_KEY_UISupportedInterfaceOrientations_iPhone = "UIInterfaceOrientationPortrait UIInterfaceOrientationLandscapeLeft UIInterfaceOrientationLandscapeRight";
				LD_RUNPATH_SEARCH_PATHS = (
					"$(inherited)",
					"@executable_path/Frameworks",
				);
				MARKETING_VERSION = 1.0;
				PRODUCT_BUNDLE_IDENTIFIER = com.uk.TeamFreshProject;
				PRODUCT_NAME = "$(TARGET_NAME)";
				SWIFT_EMIT_LOC_STRINGS = YES;
				SWIFT_VERSION = 5.0;
				TARGETED_DEVICE_FAMILY = "1,2";
			};
			name = Release;
		};
/* End XCBuildConfiguration section */

/* Begin XCConfigurationList section */
		04F169DC28A4E7940092A6E6 /* Build configuration list for PBXProject "TeamFreshProject" */ = {
			isa = XCConfigurationList;
			buildConfigurations = (
				04F169F328A4E7980092A6E6 /* Debug */,
				04F169F428A4E7980092A6E6 /* Release */,
			);
			defaultConfigurationIsVisible = 0;
			defaultConfigurationName = Release;
		};
		04F169F528A4E7980092A6E6 /* Build configuration list for PBXNativeTarget "TeamFreshProject" */ = {
			isa = XCConfigurationList;
			buildConfigurations = (
				04F169F628A4E7980092A6E6 /* Debug */,
				04F169F728A4E7980092A6E6 /* Release */,
			);
			defaultConfigurationIsVisible = 0;
			defaultConfigurationName = Release;
		};
/* End XCConfigurationList section */
	};
	rootObject = 04F169D928A4E7940092A6E6 /* Project object */;
}
